
Microsoft Visual Studio Solution File, Format Version 12.00
# Visual Studio Version 16
VisualStudioVersion = 16.0.29411.108
MinimumVisualStudioVersion = 10.0.40219.1
Project("{FAE04EC0-301F-11D3-BF4B-00C04F79EFBC}") = "cctvTracker", "cctvTracker\cctvTracker.csproj", "{9B836DD9-6D0E-4EEB-B72D-A94663F1F48F}"
EndProject
Project("{54435603-DBB4-11D2-8724-00A0C9A8B90C}") = "Data Map", "Data Map\Data Map.vdproj", "{B4F5837B-74A2-4DED-B390-07EBB4DF9377}"
EndProject
Global
	GlobalSection(SolutionConfigurationPlatforms) = preSolution
		Debug|Any CPU = Debug|Any CPU
		Debug|x64 = Debug|x64
		Release|Any CPU = Release|Any CPU
		Release|x64 = Release|x64
	EndGlobalSection
	GlobalSection(ProjectConfigurationPlatforms) = postSolution
		{9B836DD9-6D0E-4EEB-B72D-A94663F1F48F}.Debug|Any CPU.ActiveCfg = Debug|x64
		{9B836DD9-6D0E-4EEB-B72D-A94663F1F48F}.Debug|Any CPU.Build.0 = Debug|x64
		{9B836DD9-6D0E-4EEB-B72D-A94663F1F48F}.Debug|x64.ActiveCfg = Debug|x64
		{9B836DD9-6D0E-4EEB-B72D-A94663F1F48F}.Debug|x64.Build.0 = Debug|x64
		{9B836DD9-6D0E-4EEB-B72D-A94663F1F48F}.Release|Any CPU.ActiveCfg = Release|Any CPU
		{9B836DD9-6D0E-4EEB-B72D-A94663F1F48F}.Release|Any CPU.Build.0 = Release|Any CPU
		{9B836DD9-6D0E-4EEB-B72D-A94663F1F48F}.Release|x64.ActiveCfg = Release|x64
		{9B836DD9-6D0E-4EEB-B72D-A94663F1F48F}.Release|x64.Build.0 = Release|x64
		{B4F5837B-74A2-4DED-B390-07EBB4DF9377}.Debug|Any CPU.ActiveCfg = Debug
		{B4F5837B-74A2-4DED-B390-07EBB4DF9377}.Debug|x64.ActiveCfg = Debug
		{B4F5837B-74A2-4DED-B390-07EBB4DF9377}.Release|Any CPU.ActiveCfg = Release
		{B4F5837B-74A2-4DED-B390-07EBB4DF9377}.Release|x64.ActiveCfg = Release
	EndGlobalSection
	GlobalSection(SolutionProperties) = preSolution
		HideSolutionNode = FALSE
	EndGlobalSection
	GlobalSection(ExtensibilityGlobals) = postSolution
		SolutionGuid = {D2F714CD-2B77-4A18-8469-2C41699A4163}
	EndGlobalSection
EndGlobal
